lockfileVersion: '9.0'

settings:
  autoInstallPeers: true
  excludeLinksFromLockfile: false

importers:

  .:
    devDependencies:
      '@inquirer/prompts':
        specifier: ^5.0.6
        version: 5.0.6
      '@types/node':
        specifier: ^20.14.5
        version: 20.14.5
      deno-console:
        specifier: ^0.1.3
        version: 0.1.3
      esbuild:
        specifier: ^0.21.5
        version: 0.21.5

packages:

  '@esbuild/aix-ppc64@0.21.5':
    resolution: {integrity: sha512-1SDgH6ZSPTlggy1yI6+Dbkiz8xzpHJEVAlF/AM1tHPLsf5STom9rwtjE4hKAF20FfXXNTFqEYXyJNWh1GiZedQ==}
    engines: {node: '>=12'}
    cpu: [ppc64]
    os: [aix]

  '@esbuild/android-arm64@0.21.5':
    resolution: {integrity: sha512-c0uX9VAUBQ7dTDCjq+wdyGLowMdtR/GoC2U5IYk/7D1H1JYC0qseD7+11iMP2mRLN9RcCMRcjC4YMclCzGwS/A==}
    engines: {node: '>=12'}
    cpu: [arm64]
    os: [android]

  '@esbuild/android-arm@0.21.5':
    resolution: {integrity: sha512-vCPvzSjpPHEi1siZdlvAlsPxXl7WbOVUBBAowWug4rJHb68Ox8KualB+1ocNvT5fjv6wpkX6o/iEpbDrf68zcg==}
    engines: {node: '>=12'}
    cpu: [arm]
    os: [android]

  '@esbuild/android-x64@0.21.5':
    resolution: {integrity: sha512-D7aPRUUNHRBwHxzxRvp856rjUHRFW1SdQATKXH2hqA0kAZb1hKmi02OpYRacl0TxIGz/ZmXWlbZgjwWYaCakTA==}
    engines: {node: '>=12'}
    cpu: [x64]
    os: [android]

  '@esbuild/darwin-arm64@0.21.5':
    resolution: {integrity: sha512-DwqXqZyuk5AiWWf3UfLiRDJ5EDd49zg6O9wclZ7kUMv2WRFr4HKjXp/5t8JZ11QbQfUS6/cRCKGwYhtNAY88kQ==}
    engines: {node: '>=12'}
    cpu: [arm64]
    os: [darwin]

  '@esbuild/darwin-x64@0.21.5':
    resolution: {integrity: sha512-se/JjF8NlmKVG4kNIuyWMV/22ZaerB+qaSi5MdrXtd6R08kvs2qCN4C09miupktDitvh8jRFflwGFBQcxZRjbw==}
    engines: {node: '>=12'}
    cpu: [x64]
    os: [darwin]

  '@esbuild/freebsd-arm64@0.21.5':
    resolution: {integrity: sha512-5JcRxxRDUJLX8JXp/wcBCy3pENnCgBR9bN6JsY4OmhfUtIHe3ZW0mawA7+RDAcMLrMIZaf03NlQiX9DGyB8h4g==}
    engines: {node: '>=12'}
    cpu: [arm64]
    os: [freebsd]

  '@esbuild/freebsd-x64@0.21.5':
    resolution: {integrity: sha512-J95kNBj1zkbMXtHVH29bBriQygMXqoVQOQYA+ISs0/2l3T9/kj42ow2mpqerRBxDJnmkUDCaQT/dfNXWX/ZZCQ==}
    engines: {node: '>=12'}
    cpu: [x64]
    os: [freebsd]

  '@esbuild/linux-arm64@0.21.5':
    resolution: {integrity: sha512-ibKvmyYzKsBeX8d8I7MH/TMfWDXBF3db4qM6sy+7re0YXya+K1cem3on9XgdT2EQGMu4hQyZhan7TeQ8XkGp4Q==}
    engines: {node: '>=12'}
    cpu: [arm64]
    os: [linux]

  '@esbuild/linux-arm@0.21.5':
    resolution: {integrity: sha512-bPb5AHZtbeNGjCKVZ9UGqGwo8EUu4cLq68E95A53KlxAPRmUyYv2D6F0uUI65XisGOL1hBP5mTronbgo+0bFcA==}
    engines: {node: '>=12'}
    cpu: [arm]
    os: [linux]

  '@esbuild/linux-ia32@0.21.5':
    resolution: {integrity: sha512-YvjXDqLRqPDl2dvRODYmmhz4rPeVKYvppfGYKSNGdyZkA01046pLWyRKKI3ax8fbJoK5QbxblURkwK/MWY18Tg==}
    engines: {node: '>=12'}
    cpu: [ia32]
    os: [linux]

  '@esbuild/linux-loong64@0.21.5':
    resolution: {integrity: sha512-uHf1BmMG8qEvzdrzAqg2SIG/02+4/DHB6a9Kbya0XDvwDEKCoC8ZRWI5JJvNdUjtciBGFQ5PuBlpEOXQj+JQSg==}
    engines: {node: '>=12'}
    cpu: [loong64]
    os: [linux]

  '@esbuild/linux-mips64el@0.21.5':
    resolution: {integrity: sha512-IajOmO+KJK23bj52dFSNCMsz1QP1DqM6cwLUv3W1QwyxkyIWecfafnI555fvSGqEKwjMXVLokcV5ygHW5b3Jbg==}
    engines: {node: '>=12'}
    cpu: [mips64el]
    os: [linux]

  '@esbuild/linux-ppc64@0.21.5':
    resolution: {integrity: sha512-1hHV/Z4OEfMwpLO8rp7CvlhBDnjsC3CttJXIhBi+5Aj5r+MBvy4egg7wCbe//hSsT+RvDAG7s81tAvpL2XAE4w==}
    engines: {node: '>=12'}
    cpu: [ppc64]
    os: [linux]

  '@esbuild/linux-riscv64@0.21.5':
    resolution: {integrity: sha512-2HdXDMd9GMgTGrPWnJzP2ALSokE/0O5HhTUvWIbD3YdjME8JwvSCnNGBnTThKGEB91OZhzrJ4qIIxk/SBmyDDA==}
    engines: {node: '>=12'}
    cpu: [riscv64]
    os: [linux]

  '@esbuild/linux-s390x@0.21.5':
    resolution: {integrity: sha512-zus5sxzqBJD3eXxwvjN1yQkRepANgxE9lgOW2qLnmr8ikMTphkjgXu1HR01K4FJg8h1kEEDAqDcZQtbrRnB41A==}
    engines: {node: '>=12'}
    cpu: [s390x]
    os: [linux]

  '@esbuild/linux-x64@0.21.5':
    resolution: {integrity: sha512-1rYdTpyv03iycF1+BhzrzQJCdOuAOtaqHTWJZCWvijKD2N5Xu0TtVC8/+1faWqcP9iBCWOmjmhoH94dH82BxPQ==}
    engines: {node: '>=12'}
    cpu: [x64]
    os: [linux]

  '@esbuild/netbsd-x64@0.21.5':
    resolution: {integrity: sha512-Woi2MXzXjMULccIwMnLciyZH4nCIMpWQAs049KEeMvOcNADVxo0UBIQPfSmxB3CWKedngg7sWZdLvLczpe0tLg==}
    engines: {node: '>=12'}
    cpu: [x64]
    os: [netbsd]

  '@esbuild/openbsd-x64@0.21.5':
    resolution: {integrity: sha512-HLNNw99xsvx12lFBUwoT8EVCsSvRNDVxNpjZ7bPn947b8gJPzeHWyNVhFsaerc0n3TsbOINvRP2byTZ5LKezow==}
    engines: {node: '>=12'}
    cpu: [x64]
    os: [openbsd]

  '@esbuild/sunos-x64@0.21.5':
    resolution: {integrity: sha512-6+gjmFpfy0BHU5Tpptkuh8+uw3mnrvgs+dSPQXQOv3ekbordwnzTVEb4qnIvQcYXq6gzkyTnoZ9dZG+D4garKg==}
    engines: {node: '>=12'}
    cpu: [x64]
    os: [sunos]

  '@esbuild/win32-arm64@0.21.5':
    resolution: {integrity: sha512-Z0gOTd75VvXqyq7nsl93zwahcTROgqvuAcYDUr+vOv8uHhNSKROyU961kgtCD1e95IqPKSQKH7tBTslnS3tA8A==}
    engines: {node: '>=12'}
    cpu: [arm64]
    os: [win32]

  '@esbuild/win32-ia32@0.21.5':
    resolution: {integrity: sha512-SWXFF1CL2RVNMaVs+BBClwtfZSvDgtL//G/smwAc5oVK/UPu2Gu9tIaRgFmYFFKrmg3SyAjSrElf0TiJ1v8fYA==}
    engines: {node: '>=12'}
    cpu: [ia32]
    os: [win32]

  '@esbuild/win32-x64@0.21.5':
    resolution: {integrity: sha512-tQd/1efJuzPC6rCFwEvLtci/xNFcTZknmXs98FYDfGE4wP9ClFV98nyKrzJKVPMhdDnjzLhdUyMX4PsQAPjwIw==}
    engines: {node: '>=12'}
    cpu: [x64]
    os: [win32]

  '@inquirer/checkbox@2.3.6':
    resolution: {integrity: sha512-BziU88BEwBaGclY0RM59QOop2zyPgAr1EH/czvW6/J9ELXYN4vbGTI4KM/ogNnh+Y0yNnVvKxAQqFsI2Ra2BtA==}
    engines: {node: '>=18'}

  '@inquirer/confirm@3.1.10':
    resolution: {integrity: sha512-/aAHu83Njy6yf44T+ZrRPUkMcUqprrOiIKsyMvf9jOV+vF5BNb2ja1aLP33MK36W8eaf91MTL/mU/e6METuENg==}
    engines: {node: '>=18'}

  '@inquirer/core@8.2.3':
    resolution: {integrity: sha512-WrpDVPAaxJQjHid3Ra4FhUO70YBzkHSYVyW5X48L5zHYdudoPISJqTRRWSeamHfaXda7PNNaC5Py5MEo7QwBNA==}
    engines: {node: '>=18'}

  '@inquirer/editor@2.1.10':
    resolution: {integrity: sha512-5e4OlRNzi1TFVKJVBk4WtWYPtVqpKyIGvltP/bqnZ0AQ9bA9Cgukcs8LniUXsgkw3+IAPFQfP8yBxFX/qIz+2g==}
    engines: {node: '>=18'}

  '@inquirer/expand@2.1.10':
    resolution: {integrity: sha512-5wyrw7wH24DqACWnwRhdZioCS4Bq8tvkh2BDyz2a827Zn2QAxZ/o+m17GBD9xPfvTdtxlfYsyKPTSQmGvG+BJA==}
    engines: {node: '>=18'}

  '@inquirer/figures@1.0.3':
    resolution: {integrity: sha512-ErXXzENMH5pJt5/ssXV0DfWUZqly8nGzf0UcBV9xTnP+KyffE2mqyxIMBrZ8ijQck2nU0TQm40EQB53YreyWHw==}
    engines: {node: '>=18'}

  '@inquirer/input@2.1.10':
    resolution: {integrity: sha512-KEnho7O0YBj+peA40ZGOuBYf00EQnYbQlPsORgZYdjdUVUrMqQPW3qIvRNJIq+lYlc9RZrfHeMoAv+tWAoZFQg==}
    engines: {node: '>=18'}

  '@inquirer/password@2.1.10':
    resolution: {integrity: sha512-hwRi8bITIloH7+30inpIkS0C/+lsdM+HSS/6F5J46Jdo9JLRnUwV4D9ovc4pz6zf2vjCFH/MYlxUBOFe/ix3Tw==}
    engines: {node: '>=18'}

  '@inquirer/prompts@5.0.6':
    resolution: {integrity: sha512-1Fc/8d8tCoYuMXJSG0C5F7Bzs4ViL4VNyOJr35FNnnEvx2GX/unBJDL9ZcYHx/Ps7yQuRAUr50SOvw8QbmJxvg==}
    engines: {node: '>=18'}

  '@inquirer/rawlist@2.1.10':
    resolution: {integrity: sha512-tGi2O9DP+jDw2/lXKdRlv0YcCfwHcEZAzM+fRe5YjoDyBwUbKzYrDlD4xa6H9hIpPSrOpSpncTEDL9lbUDwXFw==}
    engines: {node: '>=18'}

  '@inquirer/select@2.3.6':
    resolution: {integrity: sha512-eLqlZXre69Jenmar5s+3018xF3lpaGfxVZLHkCzkrhtuTuFjpYtb0YpiYeZNKZm9pa+ih3s9acN/zRt+dDh+qA==}
    engines: {node: '>=18'}

  '@inquirer/type@1.3.3':
    resolution: {integrity: sha512-xTUt0NulylX27/zMx04ZYar/kr1raaiFTVvQ5feljQsiAgdm0WPj4S73/ye0fbslh+15QrIuDvfCXTek7pMY5A==}
    engines: {node: '>=18'}

  '@types/mute-stream@0.0.4':
    resolution: {integrity: sha512-CPM9nzrCPPJHQNA9keH9CVkVI+WR5kMa+7XEs5jcGQ0VoAGnLv242w8lIVgwAEfmE4oufJRaTc9PNLQl0ioAow==}

  '@types/node@20.14.5':
    resolution: {integrity: sha512-aoRR+fJkZT2l0aGOJhuA8frnCSoNX6W7U2mpNq63+BxBIj5BQFt8rHy627kijCmm63ijdSdwvGgpUsU6MBsZZA==}

  '@types/node@20.14.6':
    resolution: {integrity: sha512-JbA0XIJPL1IiNnU7PFxDXyfAwcwVVrOoqyzzyQTyMeVhBzkJVMSkC1LlVsRQ2lpqiY4n6Bb9oCS6lzDKVQxbZw==}

  '@types/wrap-ansi@3.0.0':
    resolution: {integrity: sha512-ltIpx+kM7g/MLRZfkbL7EsCEjfzCcScLpkg37eXEtx5kmrAKBkTJwd1GIAjDSL8wTpM6Hzn5YO4pSb91BEwu1g==}

  ansi-escapes@4.3.2:
    resolution: {integrity: sha512-gKXj5ALrKWQLsYG9jlTRmR/xKluxHV+Z9QEwNIgCfM1/uwPMCuzVVnh5mwTd+OuBZcwSIMbqssNWRm1lE51QaQ==}
    engines: {node: '>=8'}

  ansi-regex@5.0.1:
    resolution: {integrity: sha512-quJQXlTSUGL2LH9SUXo8VwsY4soanhgo6LNSm84E1LBcE8s3O0wpdiRzyR9z/ZZJMlMWv37qOOb9pdJlMUEKFQ==}
    engines: {node: '>=8'}

  ansi-styles@4.3.0:
    resolution: {integrity: sha512-zbB9rCJAT1rbjiVDb2hqKFHNYLxgtk8NURxZ3IZwD3F6NtxbXZQCnnSi1Lkx+IDohdPlFp222wVALIheZJQSEg==}
    engines: {node: '>=8'}

  chalk@4.1.2:
    resolution: {integrity: sha512-oKnbhFyRIXpUuez8iBMmyEa4nbj4IOQyuhc/wy9kY7/WVPcwIO9VA668Pu8RkO7+0G76SLROeyw9CpQ061i4mA==}
    engines: {node: '>=10'}

  chardet@0.7.0:
    resolution: {integrity: sha512-mT8iDcrh03qDGRRmoA2hmBJnxpllMR+0/0qlzjqZES6NdiWDcZkCNAk4rPFZ9Q85r27unkiNNg8ZOiwZXBHwcA==}

  cli-spinners@2.9.2:
    resolution: {integrity: sha512-ywqV+5MmyL4E7ybXgKys4DugZbX0FC6LnwrhjuykIjnK9k8OQacQ7axGKnjDXWNhns0xot3bZI5h55H8yo9cJg==}
    engines: {node: '>=6'}

  cli-width@4.1.0:
    resolution: {integrity: sha512-ouuZd4/dm2Sw5Gmqy6bGyNNNe1qt9RpmxveLSO7KcgsTnU7RXfsw+/bukWGo1abgBiMAic068rclZsO4IWmmxQ==}
    engines: {node: '>= 12'}

  color-convert@2.0.1:
    resolution: {integrity: sha512-RRECPsj7iu/xb5oKYcsFHSppFNnsj/52OVTRKb4zP5onXwVF3zVmmToNcOfGC+CRDpfK/U584fMg38ZHCaElKQ==}
    engines: {node: '>=7.0.0'}

  color-name@1.1.4:
    resolution: {integrity: sha512-dOy+3AuW3a2wNbZHIuMZpTcgjGuLU/uBL/ubcZF9OXbDo8ff4O8yVp5Bf0efS8uEoYo5q4Fx7dY9OgQGXgAsQA==}

  deno-console@0.1.3:
    resolution: {integrity: sha512-p3uY5vQTka+IiNEuqCPK8AHSQB300nUJQe8Oo+P/U5JJTQtAzJW032paTovLT+hru5kR6VQbOEX9kBH2dX5elg==}

  emoji-regex@8.0.0:
    resolution: {integrity: sha512-MSjYzcWNOA0ewAHpz0MxpYFvwg6yjy1NG3xteoqz644VCo/RPgnr1/GGt+ic3iJTzQ8Eu3TdM14SawnVUmGE6A==}

  esbuild@0.21.5:
    resolution: {integrity: sha512-mg3OPMV4hXywwpoDxu3Qda5xCKQi+vCTZq8S9J/EpkhB2HzKXq4SNFZE3+NK93JYxc8VMSep+lOUSC/RVKaBqw==}
    engines: {node: '>=12'}
    hasBin: true

  external-editor@3.1.0:
    resolution: {integrity: sha512-hMQ4CX1p1izmuLYyZqLMO/qGNw10wSv9QDCPfzXfyFrOaCSSoRfqE1Kf1s5an66J5JZC62NewG+mK49jOCtQew==}
    engines: {node: '>=4'}

  has-flag@4.0.0:
    resolution: {integrity: sha512-EykJT/Q1KjTWctppgIAgfSO0tKVuZUjhgMr17kqTumMl6Afv3EISleU7qZUzoXDFTAHTDC4NOoG/ZxU3EvlMPQ==}
    engines: {node: '>=8'}

  iconv-lite@0.4.24:
    resolution: {integrity: sha512-v3MXnZAcvnywkTUEZomIActle7RXXeedOR31wwl7VlyoXO4Qi9arvSenNQWne1TcRwhCL1HwLI21bEqdpj8/rA==}
    engines: {node: '>=0.10.0'}

  is-fullwidth-code-point@3.0.0:
    resolution: {integrity: sha512-zymm5+u+sCsSWyD9qNaejV3DFvhCKclKdizYaJUuHA83RLjb7nSuGnddCHGv0hk+KY7BMAlsWeK4Ueg6EV6XQg==}
    engines: {node: '>=8'}

  mute-stream@1.0.0:
    resolution: {integrity: sha512-avsJQhyd+680gKXyG/sQc0nXaC6rBkPOfyHYcFb9+hdkqQkR9bdnkJ0AMZhke0oesPqIO+mFFJ+IdBc7mst4IA==}
    engines: {node: ^14.17.0 || ^16.13.0 || >=18.0.0}

  os-tmpdir@1.0.2:
    resolution: {integrity: sha512-D2FR03Vir7FIu45XBY20mTb+/ZSWB00sjU9jdQXt83gDrI4Ztz5Fs7/yy74g2N5SVQY4xY1qDr4rNddwYRVX0g==}
    engines: {node: '>=0.10.0'}

  safer-buffer@2.1.2:
    resolution: {integrity: sha512-YZo3K82SD7Riyi0E1EQPojLz7kpepnSQI9IyPbHHg1XXXevb5dJI7tpyN2ADxGcQbHG7vcyRHk0cbwqcQriUtg==}

  signal-exit@4.1.0:
    resolution: {integrity: sha512-bzyZ1e88w9O1iNJbKnOlvYTrWPDl46O1bG0D3XInv+9tkPrxrN8jUUTiFlDkkmKWgn1M6CfIA13SuGqOa9Korw==}
    engines: {node: '>=14'}

  string-width@4.2.3:
    resolution: {integrity: sha512-wKyQRQpjJ0sIp62ErSZdGsjMJWsap5oRNihHhu6G7JVO/9jIB6UyevL+tXuOqrng8j/cxKTWyWUwvSTriiZz/g==}
    engines: {node: '>=8'}

  strip-ansi@6.0.1:
    resolution: {integrity: sha512-Y38VPSHcqkFrCpFnQ9vuSXmquuv5oXOKpGeT6aGrr3o3Gc9AlVa6JBfUSOCnbxGGZF+/0ooI7KrPuUSztUdU5A==}
    engines: {node: '>=8'}

  supports-color@7.2.0:
    resolution: {integrity: sha512-qpCAvRl9stuOHveKsn7HncJRvv501qIacKzQlO/+Lwxc9+0q2wLyv4Dfvt80/DPn2pqOBsJdDiogXGR9+OvwRw==}
    engines: {node: '>=8'}

  tmp@0.0.33:
    resolution: {integrity: sha512-jRCJlojKnZ3addtTOjdIqoRuPEKBvNXcGYqzO6zWZX8KfKEpnGY5jfggJQ3EjKuu8D4bJRr0y+cYJFmYbImXGw==}
    engines: {node: '>=0.6.0'}

  type-fest@0.21.3:
    resolution: {integrity: sha512-t0rzBq87m3fVcduHDUFhKmyyX+9eo6WQjZvf51Ea/M0Q7+T374Jp1aUiyUl0GKxp8M/OETVHSDvmkyPgvX+X2w==}
    engines: {node: '>=10'}

  undici-types@5.26.5:
    resolution: {integrity: sha512-JlCMO+ehdEIKqlFxk6IfVoAUVmgz7cU7zD/h9XZ0qzeosSHmUJVOzSQvvYSYWXkFXC+IfLKSIffhv0sVZup6pA==}

  wrap-ansi@6.2.0:
    resolution: {integrity: sha512-r6lPcBGxZXlIcymEu7InxDMhdW0KDxpLgoFLcguasxCaJ/SOIZwINatK9KY/tf+ZrlywOKU0UDj3ATXUBfxJXA==}
    engines: {node: '>=8'}

snapshots:

  '@esbuild/aix-ppc64@0.21.5':
    optional: true

  '@esbuild/android-arm64@0.21.5':
    optional: true

  '@esbuild/android-arm@0.21.5':
    optional: true

  '@esbuild/android-x64@0.21.5':
    optional: true

  '@esbuild/darwin-arm64@0.21.5':
    optional: true

  '@esbuild/darwin-x64@0.21.5':
    optional: true

  '@esbuild/freebsd-arm64@0.21.5':
    optional: true

  '@esbuild/freebsd-x64@0.21.5':
    optional: true

  '@esbuild/linux-arm64@0.21.5':
    optional: true

  '@esbuild/linux-arm@0.21.5':
    optional: true

  '@esbuild/linux-ia32@0.21.5':
    optional: true

  '@esbuild/linux-loong64@0.21.5':
    optional: true

  '@esbuild/linux-mips64el@0.21.5':
    optional: true

  '@esbuild/linux-ppc64@0.21.5':
    optional: true

  '@esbuild/linux-riscv64@0.21.5':
    optional: true

  '@esbuild/linux-s390x@0.21.5':
    optional: true

  '@esbuild/linux-x64@0.21.5':
    optional: true

  '@esbuild/netbsd-x64@0.21.5':
    optional: true

  '@esbuild/openbsd-x64@0.21.5':
    optional: true

  '@esbuild/sunos-x64@0.21.5':
    optional: true

  '@esbuild/win32-arm64@0.21.5':
    optional: true

  '@esbuild/win32-ia32@0.21.5':
    optional: true

  '@esbuild/win32-x64@0.21.5':
    optional: true

  '@inquirer/checkbox@2.3.6':
    dependencies:
      '@inquirer/core': 8.2.3
      '@inquirer/figures': 1.0.3
      '@inquirer/type': 1.3.3
      ansi-escapes: 4.3.2
      chalk: 4.1.2

  '@inquirer/confirm@3.1.10':
    dependencies:
      '@inquirer/core': 8.2.3
      '@inquirer/type': 1.3.3

  '@inquirer/core@8.2.3':
    dependencies:
      '@inquirer/figures': 1.0.3
      '@inquirer/type': 1.3.3
      '@types/mute-stream': 0.0.4
      '@types/node': 20.14.6
      '@types/wrap-ansi': 3.0.0
      ansi-escapes: 4.3.2
      chalk: 4.1.2
      cli-spinners: 2.9.2
      cli-width: 4.1.0
      mute-stream: 1.0.0
      signal-exit: 4.1.0
      strip-ansi: 6.0.1
      wrap-ansi: 6.2.0

  '@inquirer/editor@2.1.10':
    dependencies:
      '@inquirer/core': 8.2.3
      '@inquirer/type': 1.3.3
      external-editor: 3.1.0

  '@inquirer/expand@2.1.10':
    dependencies:
      '@inquirer/core': 8.2.3
      '@inquirer/type': 1.3.3
      chalk: 4.1.2

  '@inquirer/figures@1.0.3': {}

  '@inquirer/input@2.1.10':
    dependencies:
      '@inquirer/core': 8.2.3
      '@inquirer/type': 1.3.3

  '@inquirer/password@2.1.10':
    dependencies:
      '@inquirer/core': 8.2.3
      '@inquirer/type': 1.3.3
      ansi-escapes: 4.3.2

  '@inquirer/prompts@5.0.6':
    dependencies:
      '@inquirer/checkbox': 2.3.6
      '@inquirer/confirm': 3.1.10
      '@inquirer/editor': 2.1.10
      '@inquirer/expand': 2.1.10
      '@inquirer/input': 2.1.10
      '@inquirer/password': 2.1.10
      '@inquirer/rawlist': 2.1.10
      '@inquirer/select': 2.3.6

  '@inquirer/rawlist@2.1.10':
    dependencies:
      '@inquirer/core': 8.2.3
      '@inquirer/type': 1.3.3
      chalk: 4.1.2

  '@inquirer/select@2.3.6':
    dependencies:
      '@inquirer/core': 8.2.3
      '@inquirer/figures': 1.0.3
      '@inquirer/type': 1.3.3
      ansi-escapes: 4.3.2
      chalk: 4.1.2

  '@inquirer/type@1.3.3': {}

  '@types/mute-stream@0.0.4':
    dependencies:
      '@types/node': 20.14.6

  '@types/node@20.14.5':
    dependencies:
      undici-types: 5.26.5

  '@types/node@20.14.6':
    dependencies:
      undici-types: 5.26.5

  '@types/wrap-ansi@3.0.0': {}

  ansi-escapes@4.3.2:
    dependencies:
      type-fest: 0.21.3

  ansi-regex@5.0.1: {}

  ansi-styles@4.3.0:
    dependencies:
      color-convert: 2.0.1

  chalk@4.1.2:
    dependencies:
      ansi-styles: 4.3.0
      supports-color: 7.2.0

  chardet@0.7.0: {}

  cli-spinners@2.9.2: {}

  cli-width@4.1.0: {}

  color-convert@2.0.1:
    dependencies:
      color-name: 1.1.4

  color-name@1.1.4: {}

  deno-console@0.1.3: {}

  emoji-regex@8.0.0: {}

  esbuild@0.21.5:
    optionalDependencies:
      '@esbuild/aix-ppc64': 0.21.5
      '@esbuild/android-arm': 0.21.5
      '@esbuild/android-arm64': 0.21.5
      '@esbuild/android-x64': 0.21.5
      '@esbuild/darwin-arm64': 0.21.5
      '@esbuild/darwin-x64': 0.21.5
      '@esbuild/freebsd-arm64': 0.21.5
      '@esbuild/freebsd-x64': 0.21.5
      '@esbuild/linux-arm': 0.21.5
      '@esbuild/linux-arm64': 0.21.5
      '@esbuild/linux-ia32': 0.21.5
      '@esbuild/linux-loong64': 0.21.5
      '@esbuild/linux-mips64el': 0.21.5
      '@esbuild/linux-ppc64': 0.21.5
      '@esbuild/linux-riscv64': 0.21.5
      '@esbuild/linux-s390x': 0.21.5
      '@esbuild/linux-x64': 0.21.5
      '@esbuild/netbsd-x64': 0.21.5
      '@esbuild/openbsd-x64': 0.21.5
      '@esbuild/sunos-x64': 0.21.5
      '@esbuild/win32-arm64': 0.21.5
      '@esbuild/win32-ia32': 0.21.5
      '@esbuild/win32-x64': 0.21.5

  external-editor@3.1.0:
    dependencies:
      chardet: 0.7.0
      iconv-lite: 0.4.24
      tmp: 0.0.33

  has-flag@4.0.0: {}

  iconv-lite@0.4.24:
    dependencies:
      safer-buffer: 2.1.2

  is-fullwidth-code-point@3.0.0: {}

  mute-stream@1.0.0: {}

  os-tmpdir@1.0.2: {}

  safer-buffer@2.1.2: {}

  signal-exit@4.1.0: {}

  string-width@4.2.3:
    dependencies:
      emoji-regex: 8.0.0
      is-fullwidth-code-point: 3.0.0
      strip-ansi: 6.0.1

  strip-ansi@6.0.1:
    dependencies:
      ansi-regex: 5.0.1

  supports-color@7.2.0:
    dependencies:
      has-flag: 4.0.0

  tmp@0.0.33:
    dependencies:
      os-tmpdir: 1.0.2

  type-fest@0.21.3: {}

  undici-types@5.26.5: {}

  wrap-ansi@6.2.0:
    dependencies:
      ansi-styles: 4.3.0
      string-width: 4.2.3
      strip-ansi: 6.0.1
